// !$*UTF8*$!
{
	archiveVersion = 1;
	classes = {
	};
	objectVersion = 46;
	objects = {

/* Begin PBXBuildFile section */
		ED1D8F1B1BA380B300A8B505 /* Accelerate.framework in Frameworks */ = {isa = PBXBuildFile; fileRef = ED1D8F1A1BA380B300A8B505 /* Accelerate.framework */; };
		ED1D8F1D1BA380BB00A8B505 /* AssetsLibrary.framework in Frameworks */ = {isa = PBXBuildFile; fileRef = ED1D8F1C1BA380BB00A8B505 /* AssetsLibrary.framework */; };
		ED1D8F1F1BA380C500A8B505 /* CoreGraphics.framework in Frameworks */ = {isa = PBXBuildFile; fileRef = ED1D8F1E1BA380C500A8B505 /* CoreGraphics.framework */; };
		ED1D8F211BA380D300A8B505 /* CoreImage.framework in Frameworks */ = {isa = PBXBuildFile; fileRef = ED1D8F201BA380D300A8B505 /* CoreImage.framework */; };
		ED2A44A81BA1F82C00BB8A35 /* TransitionViewController.m in Sources */ = {isa = PBXBuildFile; fileRef = ED2A44A71BA1F82C00BB8A35 /* TransitionViewController.m */; };
		ED2F904D1B9C98AA002BAD46 /* main.m in Sources */ = {isa = PBXBuildFile; fileRef = ED2F904C1B9C98AA002BAD46 /* main.m */; };
		ED2F90501B9C98AA002BAD46 /* AppDelegate.m in Sources */ = {isa = PBXBuildFile; fileRef = ED2F904F1B9C98AA002BAD46 /* AppDelegate.m */; };
		ED2F90531B9C98AA002BAD46 /* CameraViewController.m in Sources */ = {isa = PBXBuildFile; fileRef = ED2F90521B9C98AA002BAD46 /* CameraViewController.m */; };
		ED2F90561B9C98AA002BAD46 /* Main.storyboard in Resources */ = {isa = PBXBuildFile; fileRef = ED2F90541B9C98AA002BAD46 /* Main.storyboard */; };
		ED2F90581B9C98AA002BAD46 /* Images.xcassets in Resources */ = {isa = PBXBuildFile; fileRef = ED2F90571B9C98AA002BAD46 /* Images.xcassets */; };
		ED2F905B1B9C98AA002BAD46 /* LaunchScreen.xib in Resources */ = {isa = PBXBuildFile; fileRef = ED2F90591B9C98AA002BAD46 /* LaunchScreen.xib */; };
		ED2F90671B9C98AA002BAD46 /* KernelCounterTests.m in Sources */ = {isa = PBXBuildFile; fileRef = ED2F90661B9C98AA002BAD46 /* KernelCounterTests.m */; };
		ED33B1D01BA7355C00C83491 /* README.md in Sources */ = {isa = PBXBuildFile; fileRef = ED33B1CF1BA7355C00C83491 /* README.md */; };
		ED5EC4BC1BA2B8E900292FB4 /* ResultsViewController.m in Sources */ = {isa = PBXBuildFile; fileRef = ED5EC4BB1BA2B8E900292FB4 /* ResultsViewController.m */; };
		ED63EDBD1BA0D9450011777B /* OverlayViewController.m in Sources */ = {isa = PBXBuildFile; fileRef = ED63EDBC1BA0D9450011777B /* OverlayViewController.m */; };
		ED84E67F1B9E0D2D00CD2C07 /* CoreVideo.framework in Frameworks */ = {isa = PBXBuildFile; fileRef = ED84E67E1B9E0D2D00CD2C07 /* CoreVideo.framework */; };
		ED84E6811B9E0D3400CD2C07 /* CoreMedia.framework in Frameworks */ = {isa = PBXBuildFile; fileRef = ED84E6801B9E0D3400CD2C07 /* CoreMedia.framework */; };
		ED84E6831B9E0D3B00CD2C07 /* AVFoundation.framework in Frameworks */ = {isa = PBXBuildFile; fileRef = ED84E6821B9E0D3B00CD2C07 /* AVFoundation.framework */; };
		ED84E6851B9E0D4600CD2C07 /* ImageIO.framework in Frameworks */ = {isa = PBXBuildFile; fileRef = ED84E6841B9E0D4600CD2C07 /* ImageIO.framework */; };
		ED84E6871B9E0D4E00CD2C07 /* QuartzCore.framework in Frameworks */ = {isa = PBXBuildFile; fileRef = ED84E6861B9E0D4E00CD2C07 /* QuartzCore.framework */; };
		EDB58EED1BA654F0007082F0 /* opencv2.framework in Frameworks */ = {isa = PBXBuildFile; fileRef = EDB58EEC1BA654F0007082F0 /* opencv2.framework */; };
		EDEACF991B9D685100D32B43 /* Counter.mm in Sources */ = {isa = PBXBuildFile; fileRef = EDEACF981B9D685100D32B43 /* Counter.mm */; };
		EDFB30D31BA0BF8800CDACE1 /* kernel_counter.cpp in Sources */ = {isa = PBXBuildFile; fileRef = EDFB30D21BA0BF8800CDACE1 /* kernel_counter.cpp */; };
/* End PBXBuildFile section */

/* Begin PBXContainerItemProxy section */
		ED2F90611B9C98AA002BAD46 /* PBXContainerItemProxy */ = {
			isa = PBXContainerItemProxy;
			containerPortal = ED2F903F1B9C98AA002BAD46 /* Project object */;
			proxyType = 1;
			remoteGlobalIDString = ED2F90461B9C98AA002BAD46;
			remoteInfo = KernelCounter;
		};
/* End PBXContainerItemProxy section */

/* Begin PBXFileReference section */
		ED1D8F181BA363F700A8B505 /* CameraImaging.h */ = {isa = PBXFileReference; fileEncoding = 4; lastKnownFileType = sourcecode.c.h; path = CameraImaging.h; sourceTree = "<group>"; };
		ED1D8F191BA37F2000A8B505 /* kernel_counter.h */ = {isa = PBXFileReference; fileEncoding = 4; lastKnownFileType = sourcecode.c.h; path = kernel_counter.h; sourceTree = "<group>"; };
		ED1D8F1A1BA380B300A8B505 /* Accelerate.framework */ = {isa = PBXFileReference; lastKnownFileType = wrapper.framework; name = Accelerate.framework; path = System/Library/Frameworks/Accelerate.framework; sourceTree = SDKROOT; };
		ED1D8F1C1BA380BB00A8B505 /* AssetsLibrary.framework */ = {isa = PBXFileReference; lastKnownFileType = wrapper.framework; name = AssetsLibrary.framework; path = System/Library/Frameworks/AssetsLibrary.framework; sourceTree = SDKROOT; };
		ED1D8F1E1BA380C500A8B505 /* CoreGraphics.framework */ = {isa = PBXFileReference; lastKnownFileType = wrapper.framework; name = CoreGraphics.framework; path = System/Library/Frameworks/CoreGraphics.framework; sourceTree = SDKROOT; };
		ED1D8F201BA380D300A8B505 /* CoreImage.framework */ = {isa = PBXFileReference; lastKnownFileType = wrapper.framework; name = CoreImage.framework; path = System/Library/Frameworks/CoreImage.framework; sourceTree = SDKROOT; };
		ED2A44A71BA1F82C00BB8A35 /* TransitionViewController.m */ = {isa = PBXFileReference; fileEncoding = 4; lastKnownFileType = sourcecode.c.objc; path = TransitionViewController.m; sourceTree = "<group>"; };
		ED2A44A91BA1F83100BB8A35 /* TransitionViewController.h */ = {isa = PBXFileReference; lastKnownFileType = sourcecode.c.h; path = TransitionViewController.h; sourceTree = "<group>"; };
		ED2F90471B9C98AA002BAD46 /* KernelCounter.app */ = {isa = PBXFileReference; explicitFileType = wrapper.application; includeInIndex = 0; path = KernelCounter.app; sourceTree = BUILT_PRODUCTS_DIR; };
		ED2F904B1B9C98AA002BAD46 /* Info.plist */ = {isa = PBXFileReference; lastKnownFileType = text.plist.xml; path = Info.plist; sourceTree = "<group>"; };
		ED2F904C1B9C98AA002BAD46 /* main.m */ = {isa = PBXFileReference; lastKnownFileType = sourcecode.c.objc; path = main.m; sourceTree = "<group>"; };
		ED2F904E1B9C98AA002BAD46 /* AppDelegate.h */ = {isa = PBXFileReference; lastKnownFileType = sourcecode.c.h; path = AppDelegate.h; sourceTree = "<group>"; };
		ED2F904F1B9C98AA002BAD46 /* AppDelegate.m */ = {isa = PBXFileReference; lastKnownFileType = sourcecode.c.objc; path = AppDelegate.m; sourceTree = "<group>"; };
		ED2F90511B9C98AA002BAD46 /* CameraViewController.h */ = {isa = PBXFileReference; lastKnownFileType = sourcecode.c.h; path = CameraViewController.h; sourceTree = "<group>"; };
		ED2F90521B9C98AA002BAD46 /* CameraViewController.m */ = {isa = PBXFileReference; lastKnownFileType = sourcecode.c.objc; path = CameraViewController.m; sourceTree = "<group>"; };
		ED2F90551B9C98AA002BAD46 /* Base */ = {isa = PBXFileReference; lastKnownFileType = file.storyboard; name = Base; path = Base.lproj/Main.storyboard; sourceTree = "<group>"; };
		ED2F90571B9C98AA002BAD46 /* Images.xcassets */ = {isa = PBXFileReference; lastKnownFileType = folder.assetcatalog; name = Images.xcassets; path = KernelCounter/Images.xcassets; sourceTree = SOURCE_ROOT; };
		ED2F905A1B9C98AA002BAD46 /* Base */ = {isa = PBXFileReference; lastKnownFileType = file.xib; name = Base; path = Base.lproj/LaunchScreen.xib; sourceTree = "<group>"; };
		ED2F90601B9C98AA002BAD46 /* KernelCounterTests.xctest */ = {isa = PBXFileReference; explicitFileType = wrapper.cfbundle; includeInIndex = 0; path = KernelCounterTests.xctest; sourceTree = BUILT_PRODUCTS_DIR; };
		ED2F90651B9C98AA002BAD46 /* Info.plist */ = {isa = PBXFileReference; lastKnownFileType = text.plist.xml; path = Info.plist; sourceTree = "<group>"; };
		ED2F90661B9C98AA002BAD46 /* KernelCounterTests.m */ = {isa = PBXFileReference; lastKnownFileType = sourcecode.c.objc; path = KernelCounterTests.m; sourceTree = "<group>"; };
		ED33B1CF1BA7355C00C83491 /* README.md */ = {isa = PBXFileReference; fileEncoding = 4; lastKnownFileType = net.daringfireball.markdown; path = README.md; sourceTree = "<group>"; };
		ED5EC4BA1BA2B8E900292FB4 /* ResultsViewController.h */ = {isa = PBXFileReference; fileEncoding = 4; lastKnownFileType = sourcecode.c.h; path = ResultsViewController.h; sourceTree = "<group>"; };
		ED5EC4BB1BA2B8E900292FB4 /* ResultsViewController.m */ = {isa = PBXFileReference; fileEncoding = 4; lastKnownFileType = sourcecode.c.objc; path = ResultsViewController.m; sourceTree = "<group>"; };
		ED63EDBB1BA0D93C0011777B /* OverlayViewController.h */ = {isa = PBXFileReference; lastKnownFileType = sourcecode.c.h; path = OverlayViewController.h; sourceTree = "<group>"; };
		ED63EDBC1BA0D9450011777B /* OverlayViewController.m */ = {isa = PBXFileReference; fileEncoding = 4; lastKnownFileType = sourcecode.c.objc; path = OverlayViewController.m; sourceTree = "<group>"; };
		ED84E67E1B9E0D2D00CD2C07 /* CoreVideo.framework */ = {isa = PBXFileReference; lastKnownFileType = wrapper.framework; name = CoreVideo.framework; path = System/Library/Frameworks/CoreVideo.framework; sourceTree = SDKROOT; };
		ED84E6801B9E0D3400CD2C07 /* CoreMedia.framework */ = {isa = PBXFileReference; lastKnownFileType = wrapper.framework; name = CoreMedia.framework; path = System/Library/Frameworks/CoreMedia.framework; sourceTree = SDKROOT; };
		ED84E6821B9E0D3B00CD2C07 /* AVFoundation.framework */ = {isa = PBXFileReference; lastKnownFileType = wrapper.framework; name = AVFoundation.framework; path = System/Library/Frameworks/AVFoundation.framework; sourceTree = SDKROOT; };
		ED84E6841B9E0D4600CD2C07 /* ImageIO.framework */ = {isa = PBXFileReference; lastKnownFileType = wrapper.framework; name = ImageIO.framework; path = System/Library/Frameworks/ImageIO.framework; sourceTree = SDKROOT; };
		ED84E6861B9E0D4E00CD2C07 /* QuartzCore.framework */ = {isa = PBXFileReference; lastKnownFileType = wrapper.framework; name = QuartzCore.framework; path = System/Library/Frameworks/QuartzCore.framework; sourceTree = SDKROOT; };
		EDB58EEC1BA654F0007082F0 /* opencv2.framework */ = {isa = PBXFileReference; lastKnownFileType = wrapper.framework; name = opencv2.framework; path = KernelCounter/opencv2.framework; sourceTree = "<group>"; };
		EDEACF971B9D685100D32B43 /* Counter.h */ = {isa = PBXFileReference; fileEncoding = 4; lastKnownFileType = sourcecode.c.h; path = Counter.h; sourceTree = "<group>"; };
		EDEACF981B9D685100D32B43 /* Counter.mm */ = {isa = PBXFileReference; fileEncoding = 4; lastKnownFileType = sourcecode.cpp.objcpp; path = Counter.mm; sourceTree = "<group>"; };
		EDFB30D21BA0BF8800CDACE1 /* kernel_counter.cpp */ = {isa = PBXFileReference; fileEncoding = 4; lastKnownFileType = sourcecode.cpp.cpp; path = kernel_counter.cpp; sourceTree = "<group>"; };
/* End PBXFileReference section */

/* Begin PBXFrameworksBuildPhase section */
		ED2F90441B9C98AA002BAD46 /* Frameworks */ = {
			isa = PBXFrameworksBuildPhase;
			buildActionMask = 2147483647;
			files = (
				ED1D8F211BA380D300A8B505 /* CoreImage.framework in Frameworks */,
				ED1D8F1F1BA380C500A8B505 /* CoreGraphics.framework in Frameworks */,
				ED1D8F1D1BA380BB00A8B505 /* AssetsLibrary.framework in Frameworks */,
				ED1D8F1B1BA380B300A8B505 /* Accelerate.framework in Frameworks */,
				ED84E6871B9E0D4E00CD2C07 /* QuartzCore.framework in Frameworks */,
				ED84E6851B9E0D4600CD2C07 /* ImageIO.framework in Frameworks */,
				ED84E6831B9E0D3B00CD2C07 /* AVFoundation.framework in Frameworks */,
				ED84E6811B9E0D3400CD2C07 /* CoreMedia.framework in Frameworks */,
				EDB58EED1BA654F0007082F0 /* opencv2.framework in Frameworks */,
				ED84E67F1B9E0D2D00CD2C07 /* CoreVideo.framework in Frameworks */,
			);
			runOnlyForDeploymentPostprocessing = 0;
		};
		ED2F905D1B9C98AA002BAD46 /* Frameworks */ = {
			isa = PBXFrameworksBuildPhase;
			buildActionMask = 2147483647;
			files = (
			);
			runOnlyForDeploymentPostprocessing = 0;
		};
/* End PBXFrameworksBuildPhase section */

/* Begin PBXGroup section */
		ED1D8F171BA35FC100A8B505 /* Frameworks */ = {
			isa = PBXGroup;
			children = (
				EDB58EEC1BA654F0007082F0 /* opencv2.framework */,
				ED1D8F201BA380D300A8B505 /* CoreImage.framework */,
				ED1D8F1E1BA380C500A8B505 /* CoreGraphics.framework */,
				ED1D8F1C1BA380BB00A8B505 /* AssetsLibrary.framework */,
				ED1D8F1A1BA380B300A8B505 /* Accelerate.framework */,
				ED84E6861B9E0D4E00CD2C07 /* QuartzCore.framework */,
				ED84E6841B9E0D4600CD2C07 /* ImageIO.framework */,
				ED84E6821B9E0D3B00CD2C07 /* AVFoundation.framework */,
				ED84E6801B9E0D3400CD2C07 /* CoreMedia.framework */,
				ED84E67E1B9E0D2D00CD2C07 /* CoreVideo.framework */,
			);
			name = Frameworks;
			path = ..;
			sourceTree = "<group>";
		};
		ED2F903E1B9C98AA002BAD46 = {
			isa = PBXGroup;
			children = (
				ED2F90491B9C98AA002BAD46 /* KernelCounter */,
				ED2F90631B9C98AA002BAD46 /* KernelCounterTests */,
				ED2F90481B9C98AA002BAD46 /* Products */,
			);
			sourceTree = "<group>";
		};
		ED2F90481B9C98AA002BAD46 /* Products */ = {
			isa = PBXGroup;
			children = (
				ED2F90471B9C98AA002BAD46 /* KernelCounter.app */,
				ED2F90601B9C98AA002BAD46 /* KernelCounterTests.xctest */,
			);
			name = Products;
			sourceTree = "<group>";
		};
		ED2F90491B9C98AA002BAD46 /* KernelCounter */ = {
			isa = PBXGroup;
			children = (
				ED33B1D11BA735E700C83491 /* Application */,
				EDEAD78B1BA5E81D001A6CAA /* View Controllers */,
				EDEAD78C1BA5E828001A6CAA /* OpenCV Counter */,
				ED1D8F181BA363F700A8B505 /* CameraImaging.h */,
				ED2F90541B9C98AA002BAD46 /* Main.storyboard */,
				ED2F90591B9C98AA002BAD46 /* LaunchScreen.xib */,
				ED2F90571B9C98AA002BAD46 /* Images.xcassets */,
				ED33B1CF1BA7355C00C83491 /* README.md */,
				ED2F904A1B9C98AA002BAD46 /* Supporting Files */,
				ED1D8F171BA35FC100A8B505 /* Frameworks */,
			);
			path = KernelCounter;
			sourceTree = "<group>";
		};
		ED2F904A1B9C98AA002BAD46 /* Supporting Files */ = {
			isa = PBXGroup;
			children = (
				ED2F904B1B9C98AA002BAD46 /* Info.plist */,
				ED2F904C1B9C98AA002BAD46 /* main.m */,
			);
			name = "Supporting Files";
			sourceTree = "<group>";
		};
		ED2F90631B9C98AA002BAD46 /* KernelCounterTests */ = {
			isa = PBXGroup;
			children = (
				ED2F90661B9C98AA002BAD46 /* KernelCounterTests.m */,
				ED2F90641B9C98AA002BAD46 /* Supporting Files */,
			);
			path = KernelCounterTests;
			sourceTree = "<group>";
		};
		ED2F90641B9C98AA002BAD46 /* Supporting Files */ = {
			isa = PBXGroup;
			children = (
				ED2F90651B9C98AA002BAD46 /* Info.plist */,
			);
			name = "Supporting Files";
			sourceTree = "<group>";
		};
		ED33B1D11BA735E700C83491 /* Application */ = {
			isa = PBXGroup;
			children = (
				ED2F904E1B9C98AA002BAD46 /* AppDelegate.h */,
				ED2F904F1B9C98AA002BAD46 /* AppDelegate.m */,
			);
			name = Application;
			sourceTree = "<group>";
		};
		EDEAD78B1BA5E81D001A6CAA /* View Controllers */ = {
			isa = PBXGroup;
			children = (
				ED5EC4BA1BA2B8E900292FB4 /* ResultsViewController.h */,
				ED5EC4BB1BA2B8E900292FB4 /* ResultsViewController.m */,
				ED2A44A91BA1F83100BB8A35 /* TransitionViewController.h */,
				ED2A44A71BA1F82C00BB8A35 /* TransitionViewController.m */,
				ED2F90511B9C98AA002BAD46 /* CameraViewController.h */,
				ED2F90521B9C98AA002BAD46 /* CameraViewController.m */,
				ED63EDBB1BA0D93C0011777B /* OverlayViewController.h */,
				ED63EDBC1BA0D9450011777B /* OverlayViewController.m */,
			);
			name = "View Controllers";
			sourceTree = "<group>";
		};
		EDEAD78C1BA5E828001A6CAA /* OpenCV Counter */ = {
			isa = PBXGroup;
			children = (
				EDEACF971B9D685100D32B43 /* Counter.h */,
				EDEACF981B9D685100D32B43 /* Counter.mm */,
				ED1D8F191BA37F2000A8B505 /* kernel_counter.h */,
				EDFB30D21BA0BF8800CDACE1 /* kernel_counter.cpp */,
			);
			name = "OpenCV Counter";
			sourceTree = "<group>";
		};
/* End PBXGroup section */

/* Begin PBXNativeTarget section */
		ED2F90461B9C98AA002BAD46 /* KernelCounter */ = {
			isa = PBXNativeTarget;
			buildConfigurationList = ED2F906A1B9C98AA002BAD46 /* Build configuration list for PBXNativeTarget "KernelCounter" */;
			buildPhases = (
				ED2F90431B9C98AA002BAD46 /* Sources */,
				ED2F90441B9C98AA002BAD46 /* Frameworks */,
				ED2F90451B9C98AA002BAD46 /* Resources */,
			);
			buildRules = (
			);
			dependencies = (
			);
			name = KernelCounter;
			productName = KernelCounter;
			productReference = ED2F90471B9C98AA002BAD46 /* KernelCounter.app */;
			productType = "com.apple.product-type.application";
		};
		ED2F905F1B9C98AA002BAD46 /* KernelCounterTests */ = {
			isa = PBXNativeTarget;
			buildConfigurationList = ED2F906D1B9C98AA002BAD46 /* Build configuration list for PBXNativeTarget "KernelCounterTests" */;
			buildPhases = (
				ED2F905C1B9C98AA002BAD46 /* Sources */,
				ED2F905D1B9C98AA002BAD46 /* Frameworks */,
				ED2F905E1B9C98AA002BAD46 /* Resources */,
			);
			buildRules = (
			);
			dependencies = (
				ED2F90621B9C98AA002BAD46 /* PBXTargetDependency */,
			);
			name = KernelCounterTests;
			productName = KernelCounterTests;
			productReference = ED2F90601B9C98AA002BAD46 /* KernelCounterTests.xctest */;
			productType = "com.apple.product-type.bundle.unit-test";
		};
/* End PBXNativeTarget section */

/* Begin PBXProject section */
		ED2F903F1B9C98AA002BAD46 /* Project object */ = {
			isa = PBXProject;
			attributes = {
				LastUpgradeCheck = 0700;
				ORGANIZATIONNAME = com.CTChar;
				TargetAttributes = {
					ED2F90461B9C98AA002BAD46 = {
						CreatedOnToolsVersion = 6.4;
						DevelopmentTeam = YM8P4A3YPH;
					};
					ED2F905F1B9C98AA002BAD46 = {
						CreatedOnToolsVersion = 6.4;
						TestTargetID = ED2F90461B9C98AA002BAD46;
					};
				};
			};
			buildConfigurationList = ED2F90421B9C98AA002BAD46 /* Build configuration list for PBXProject "KernelCounter" */;
			compatibilityVersion = "Xcode 3.2";
			developmentRegion = English;
			hasScannedForEncodings = 0;
			knownRegions = (
				en,
				Base,
			);
			mainGroup = ED2F903E1B9C98AA002BAD46;
			productRefGroup = ED2F90481B9C98AA002BAD46 /* Products */;
			projectDirPath = "";
			projectRoot = "";
			targets = (
				ED2F90461B9C98AA002BAD46 /* KernelCounter */,
				ED2F905F1B9C98AA002BAD46 /* KernelCounterTests */,
			);
		};
/* End PBXProject section */

/* Begin PBXResourcesBuildPhase section */
		ED2F90451B9C98AA002BAD46 /* Resources */ = {
			isa = PBXResourcesBuildPhase;
			buildActionMask = 2147483647;
			files = (
				ED2F90561B9C98AA002BAD46 /* Main.storyboard in Resources */,
				ED2F905B1B9C98AA002BAD46 /* LaunchScreen.xib in Resources */,
				ED2F90581B9C98AA002BAD46 /* Images.xcassets in Resources */,
			);
			runOnlyForDeploymentPostprocessing = 0;
		};
		ED2F905E1B9C98AA002BAD46 /* Resources */ = {
			isa = PBXResourcesBuildPhase;
			buildActionMask = 2147483647;
			files = (
			);
			runOnlyForDeploymentPostprocessing = 0;
		};
/* End PBXResourcesBuildPhase section */

/* Begin PBXSourcesBuildPhase section */
		ED2F90431B9C98AA002BAD46 /* Sources */ = {
			isa = PBXSourcesBuildPhase;
			buildActionMask = 2147483647;
			files = (
				ED63EDBD1BA0D9450011777B /* OverlayViewController.m in Sources */,
				ED2F90531B9C98AA002BAD46 /* CameraViewController.m in Sources */,
				ED33B1D01BA7355C00C83491 /* README.md in Sources */,
				EDEACF991B9D685100D32B43 /* Counter.mm in Sources */,
				ED2F90501B9C98AA002BAD46 /* AppDelegate.m in Sources */,
				EDFB30D31BA0BF8800CDACE1 /* kernel_counter.cpp in Sources */,
				ED5EC4BC1BA2B8E900292FB4 /* ResultsViewController.m in Sources */,
				ED2F904D1B9C98AA002BAD46 /* main.m in Sources */,
				ED2A44A81BA1F82C00BB8A35 /* TransitionViewController.m in Sources */,
			);
			runOnlyForDeploymentPostprocessing = 0;
		};
		ED2F905C1B9C98AA002BAD46 /* Sources */ = {
			isa = PBXSourcesBuildPhase;
			buildActionMask = 2147483647;
			files = (
				ED2F90671B9C98AA002BAD46 /* KernelCounterTests.m in Sources */,
			);
			runOnlyForDeploymentPostprocessing = 0;
		};
/* End PBXSourcesBuildPhase section */

/* Begin PBXTargetDependency section */
		ED2F90621B9C98AA002BAD46 /* PBXTargetDependency */ = {
			isa = PBXTargetDependency;
			target = ED2F90461B9C98AA002BAD46 /* KernelCounter */;
			targetProxy = ED2F90611B9C98AA002BAD46 /* PBXContainerItemProxy */;
		};
/* End PBXTargetDependency section */

/* Begin PBXVariantGroup section */
		ED2F90541B9C98AA002BAD46 /* Main.storyboard */ = {
			isa = PBXVariantGroup;
			children = (
				ED2F90551B9C98AA002BAD46 /* Base */,
			);
			name = Main.storyboard;
			sourceTree = "<group>";
		};
		ED2F90591B9C98AA002BAD46 /* LaunchScreen.xib */ = {
			isa = PBXVariantGroup;
			children = (
				ED2F905A1B9C98AA002BAD46 /* Base */,
			);
			name = LaunchScreen.xib;
			sourceTree = "<group>";
		};
/* End PBXVariantGroup section */

/* Begin XCBuildConfiguration section */
		ED2F90681B9C98AA002BAD46 /* Debug */ = {
			isa = XCBuildConfiguration;
			buildSettings = {
				ALWAYS_SEARCH_USER_PATHS = NO;
				CLANG_CXX_LANGUAGE_STANDARD = "gnu++0x";
				CLANG_CXX_LIBRARY = "libc++";
				CLANG_ENABLE_MODULES = YES;
				CLANG_ENABLE_OBJC_ARC = YES;
				CLANG_WARN_BOOL_CONVERSION = YES;
				CLANG_WARN_CONSTANT_CONVERSION = YES;
				CLANG_WARN_DIRECT_OBJC_ISA_USAGE = YES_ERROR;
				CLANG_WARN_EMPTY_BODY = YES;
				CLANG_WARN_ENUM_CONVERSION = YES;
				CLANG_WARN_INT_CONVERSION = YES;
				CLANG_WARN_OBJC_ROOT_CLASS = YES_ERROR;
				CLANG_WARN_UNREACHABLE_CODE = YES;
				CLANG_WARN__DUPLICATE_METHOD_MATCH = YES;
				"CODE_SIGN_IDENTITY[sdk=iphoneos*]" = "iPhone Developer";
				COPY_PHASE_STRIP = NO;
				DEBUG_INFORMATION_FORMAT = "dwarf-with-dsym";
				ENABLE_STRICT_OBJC_MSGSEND = YES;
				ENABLE_TESTABILITY = YES;
				GCC_C_LANGUAGE_STANDARD = gnu99;
				GCC_DYNAMIC_NO_PIC = NO;
				GCC_NO_COMMON_BLOCKS = YES;
				GCC_OPTIMIZATION_LEVEL = 0;
				GCC_PREPROCESSOR_DEFINITIONS = (
					"DEBUG=1",
					"$(inherited)",
				);
				GCC_SYMBOLS_PRIVATE_EXTERN = NO;
				GCC_WARN_64_TO_32_BIT_CONVERSION = YES;
				GCC_WARN_ABOUT_RETURN_TYPE = YES_ERROR;
				GCC_WARN_UNDECLARED_SELECTOR = YES;
				GCC_WARN_UNINITIALIZED_AUTOS = YES_AGGRESSIVE;
				GCC_WARN_UNUSED_FUNCTION = YES;
				GCC_WARN_UNUSED_VARIABLE = YES;
				IPHONEOS_DEPLOYMENT_TARGET = 8.4;
				MTL_ENABLE_DEBUG_INFO = YES;
				ONLY_ACTIVE_ARCH = YES;
				SDKROOT = iphoneos;
			};
			name = Debug;
		};
		ED2F90691B9C98AA002BAD46 /* Release */ = {
			isa = XCBuildConfiguration;
			buildSettings = {
				ALWAYS_SEARCH_USER_PATHS = NO;
				CLANG_CXX_LANGUAGE_STANDARD = "gnu++0x";
				CLANG_CXX_LIBRARY = "libc++";
				CLANG_ENABLE_MODULES = YES;
				CLANG_ENABLE_OBJC_ARC = YES;
				CLANG_WARN_BOOL_CONVERSION = YES;
				CLANG_WARN_CONSTANT_CONVERSION = YES;
				CLANG_WARN_DIRECT_OBJC_ISA_USAGE = YES_ERROR;
				CLANG_WARN_EMPTY_BODY = YES;
				CLANG_WARN_ENUM_CONVERSION = YES;
				CLANG_WARN_INT_CONVERSION = YES;
				CLANG_WARN_OBJC_ROOT_CLASS = YES_ERROR;
				CLANG_WARN_UNREACHABLE_CODE = YES;
				CLANG_WARN__DUPLICATE_METHOD_MATCH = YES;
				"CODE_SIGN_IDENTITY[sdk=iphoneos*]" = "iPhone Developer";
				COPY_PHASE_STRIP = NO;
				DEBUG_INFORMATION_FORMAT = "dwarf-with-dsym";
				ENABLE_NS_ASSERTIONS = NO;
				ENABLE_STRICT_OBJC_MSGSEND = YES;
				GCC_C_LANGUAGE_STANDARD = gnu99;
				GCC_NO_COMMON_BLOCKS = YES;
				GCC_WARN_64_TO_32_BIT_CONVERSION = YES;
				GCC_WARN_ABOUT_RETURN_TYPE = YES_ERROR;
				GCC_WARN_UNDECLARED_SELECTOR = YES;
				GCC_WARN_UNINITIALIZED_AUTOS = YES_AGGRESSIVE;
				GCC_WARN_UNUSED_FUNCTION = YES;
				GCC_WARN_UNUSED_VARIABLE = YES;
				IPHONEOS_DEPLOYMENT_TARGET = 8.4;
				MTL_ENABLE_DEBUG_INFO = NO;
				SDKROOT = iphoneos;
				VALIDATE_PRODUCT = YES;
			};
			name = Release;
		};
		ED2F906B1B9C98AA002BAD46 /* Debug */ = {
			isa = XCBuildConfiguration;
			buildSettings = {
				ASSETCATALOG_COMPILER_APPICON_NAME = AppIcon;
				ASSETCATALOG_COMPILER_LAUNCHIMAGE_NAME = LaunchImage;
				CLANG_CXX_LIBRARY = "libc++";
				CODE_SIGN_IDENTITY = "iPhone Developer";
				"CODE_SIGN_IDENTITY[sdk=iphoneos*]" = "iPhone Developer";
				FRAMEWORK_SEARCH_PATHS = (
					"$(inherited)",
					/Users/Cole/Projects/ios,
					"$(USER_LIBRARY_DIR)/Developer/Xcode/DerivedData/glib-fsbslzxidysaawcerpyzzbtexuyo/Build/Products/Debug-iphonesimulator",
					"$(PROJECT_DIR)/KernelCounter",
				);
				INFOPLIST_FILE = KernelCounter/Info.plist;
				IPHONEOS_DEPLOYMENT_TARGET = 8.4;
				LD_RUNPATH_SEARCH_PATHS = "$(inherited) @executable_path/Frameworks";
				PRODUCT_BUNDLE_IDENTIFIER = "com.spensa.$(PRODUCT_NAME:rfc1034identifier)";
				PRODUCT_NAME = "$(TARGET_NAME)";
				PROVISIONING_PROFILE = "";
				TARGETED_DEVICE_FAMILY = 1;
			};
			name = Debug;
		};
		ED2F906C1B9C98AA002BAD46 /* Release */ = {
			isa = XCBuildConfiguration;
			buildSettings = {
				ASSETCATALOG_COMPILER_APPICON_NAME = AppIcon;
				ASSETCATALOG_COMPILER_LAUNCHIMAGE_NAME = LaunchImage;
				CLANG_CXX_LIBRARY = "libc++";
				CODE_SIGN_IDENTITY = "iPhone Developer";
				"CODE_SIGN_IDENTITY[sdk=iphoneos*]" = "iPhone Developer";
				FRAMEWORK_SEARCH_PATHS = (
					"$(inherited)",
					/Users/Cole/Projects/ios,
					"$(USER_LIBRARY_DIR)/Developer/Xcode/DerivedData/glib-fsbslzxidysaawcerpyzzbtexuyo/Build/Products/Debug-iphonesimulator",
					"$(PROJECT_DIR)/KernelCounter",
				);
				INFOPLIST_FILE = KernelCounter/Info.plist;
				IPHONEOS_DEPLOYMENT_TARGET = 8.4;
				LD_RUNPATH_SEARCH_PATHS = "$(inherited) @executable_path/Frameworks";
				PRODUCT_BUNDLE_IDENTIFIER = "com.spensa.$(PRODUCT_NAME:rfc1034identifier)";
				PRODUCT_NAME = "$(TARGET_NAME)";
				PROVISIONING_PROFILE = "";
				TARGETED_DEVICE_FAMILY = 1;
			};
			name = Release;
		};
		ED2F906E1B9C98AA002BAD46 /* Debug */ = {
			isa = XCBuildConfiguration;
			buildSettings = {
				BUNDLE_LOADER = "$(TEST_HOST)";
				FRAMEWORK_SEARCH_PATHS = (
					"$(SDKROOT)/Developer/Library/Frameworks",
					"$(inherited)",
				);
				GCC_PREPROCESSOR_DEFINITIONS = (
					"DEBUG=1",
					"$(inherited)",
				);
				INFOPLIST_FILE = KernelCounterTests/Info.plist;
				LD_RUNPATH_SEARCH_PATHS = "$(inherited) @executable_path/Frameworks @loader_path/Frameworks";
				PRODUCT_BUNDLE_IDENTIFIER = "com.spensa.$(PRODUCT_NAME:rfc1034identifier)";
				PRODUCT_NAME = "$(TARGET_NAME)";
				TEST_HOST = "$(BUILT_PRODUCTS_DIR)/KernelCounter.app/KernelCounter";
			};
			name = Debug;
		};
		ED2F906F1B9C98AA002BAD46 /* Release */ = {
			isa = XCBuildConfiguration;
			buildSettings = {
				BUNDLE_LOADER = "$(TEST_HOST)";
				FRAMEWORK_SEARCH_PATHS = (
					"$(SDKROOT)/Developer/Library/Frameworks",
					"$(inherited)",
				);
				INFOPLIST_FILE = KernelCounterTests/Info.plist;
				LD_RUNPATH_SEARCH_PATHS = "$(inherited) @executable_path/Frameworks @loader_path/Frameworks";
				PRODUCT_BUNDLE_IDENTIFIER = "com.spensa.$(PRODUCT_NAME:rfc1034identifier)";
				PRODUCT_NAME = "$(TARGET_NAME)";
				TEST_HOST = "$(BUILT_PRODUCTS_DIR)/KernelCounter.app/KernelCounter";
			};
			name = Release;
		};
/* End XCBuildConfiguration section */

/* Begin XCConfigurationList section */
		ED2F90421B9C98AA002BAD46 /* Build configuration list for PBXProject "KernelCounter" */ = {
			isa = XCConfigurationList;
			buildConfigurations = (
				ED2F90681B9C98AA002BAD46 /* Debug */,
				ED2F90691B9C98AA002BAD46 /* Release */,
			);
			defaultConfigurationIsVisible = 0;
			defaultConfigurationName = Release;
		};
		ED2F906A1B9C98AA002BAD46 /* Build configuration list for PBXNativeTarget "KernelCounter" */ = {
			isa = XCConfigurationList;
			buildConfigurations = (
				ED2F906B1B9C98AA002BAD46 /* Debug */,
				ED2F906C1B9C98AA002BAD46 /* Release */,
			);
			defaultConfigurationIsVisible = 0;
			defaultConfigurationName = Release;
		};
		ED2F906D1B9C98AA002BAD46 /* Build configuration list for PBXNativeTarget "KernelCounterTests" */ = {
			isa = XCConfigurationList;
			buildConfigurations = (
				ED2F906E1B9C98AA002BAD46 /* Debug */,
				ED2F906F1B9C98AA002BAD46 /* Release */,
			);
			defaultConfigurationIsVisible = 0;
			defaultConfigurationName = Release;
		};
/* End XCConfigurationList section */
	};
	rootObject = ED2F903F1B9C98AA002BAD46 /* Project object */;
}
